
Microsoft Visual Studio Solution File, Format Version 12.00
# Visual Studio 15
VisualStudioVersion = 15.0.28307.779
MinimumVisualStudioVersion = 10.0.40219.1
Project("{9A19103F-16F7-4668-BE54-9A1E7A4F7556}") = "FileDeduper", "FileDeduper.csproj", "{55F23ECB-64FA-4CFC-8994-6EDCA2B13EB8}"
EndProject
Global
	GlobalSection(SolutionConfigurationPlatforms) = preSolution
		Debug|Any CPU = Debug|Any CPU
		Release|Any CPU = Release|Any CPU
	EndGlobalSection
	GlobalSection(ProjectConfigurationPlatforms) = postSolution
		{55F23ECB-64FA-4CFC-8994-6EDCA2B13EB8}.Debug|Any CPU.ActiveCfg = Debug|Any CPU
		{55F23ECB-64FA-4CFC-8994-6EDCA2B13EB8}.Debug|Any CPU.Build.0 = Debug|Any CPU
		{55F23ECB-64FA-4CFC-8994-6EDCA2B13EB8}.Release|Any CPU.ActiveCfg = Release|Any CPU
		{55F23ECB-64FA-4CFC-8994-6EDCA2B13EB8}.Release|Any CPU.Build.0 = Release|Any CPU
	EndGlobalSection
	GlobalSection(SolutionProperties) = preSolution
		HideSolutionNode = FALSE
	EndGlobalSection
	GlobalSection(ExtensibilityGlobals) = postSolution
		SolutionGuid = {7F2075C2-3642-47B6-BC62-E294CEA81C37}
	EndGlobalSection
EndGlobal
